
Microsoft Visual Studio Solution File, Format Version 12.00
# Visual Studio Version 16
VisualStudioVersion = 16.0.29728.190
MinimumVisualStudioVersion = 10.0.40219.1
Project("{8BC9CEB8-8B4A-11D0-8D11-00A0C91BC942}") = "com.ctytler.dcs.sdPlugin", "com.ctytler.dcs.sdPlugin.vcxproj", "{F76362AC-339A-4F56-8C7B-D73A560670C4}"
EndProject
Project("{8BC9CEB8-8B4A-11D0-8D11-00A0C91BC942}") = "Test", "..\Test\Test.vcxproj", "{81582F07-E000-4049-B302-BF98D6ED1B41}"
EndProject
Global
	GlobalSection(SolutionConfigurationPlatforms) = preSolution
		Debug|x64 = Debug|x64
		Debug|x86 = Debug|x86
		Release|x64 = Release|x64
		Release|x86 = Release|x86
	EndGlobalSection
	GlobalSection(ProjectConfigurationPlatforms) = postSolution
		{F76362AC-339A-4F56-8C7B-D73A560670C4}.Debug|x64.ActiveCfg = Debug|x64
		{F76362AC-339A-4F56-8C7B-D73A560670C4}.Debug|x64.Build.0 = Debug|x64
		{F76362AC-339A-4F56-8C7B-D73A560670C4}.Debug|x86.ActiveCfg = Debug|Win32
		{F76362AC-339A-4F56-8C7B-D73A560670C4}.Debug|x86.Build.0 = Debug|Win32
		{F76362AC-339A-4F56-8C7B-D73A560670C4}.Release|x64.ActiveCfg = Release|x64
		{F76362AC-339A-4F56-8C7B-D73A560670C4}.Release|x64.Build.0 = Release|x64
		{F76362AC-339A-4F56-8C7B-D73A560670C4}.Release|x86.ActiveCfg = Release|Win32
		{F76362AC-339A-4F56-8C7B-D73A560670C4}.Release|x86.Build.0 = Release|Win32
		{81582F07-E000-4049-B302-BF98D6ED1B41}.Debug|x64.ActiveCfg = Debug|x64
		{81582F07-E000-4049-B302-BF98D6ED1B41}.Debug|x64.Build.0 = Debug|x64
		{81582F07-E000-4049-B302-BF98D6ED1B41}.Debug|x86.ActiveCfg = Debug|Win32
		{81582F07-E000-4049-B302-BF98D6ED1B41}.Debug|x86.Build.0 = Debug|Win32
		{81582F07-E000-4049-B302-BF98D6ED1B41}.Release|x64.ActiveCfg = Release|x64
		{81582F07-E000-4049-B302-BF98D6ED1B41}.Release|x64.Build.0 = Release|x64
		{81582F07-E000-4049-B302-BF98D6ED1B41}.Release|x86.ActiveCfg = Release|Win32
		{81582F07-E000-4049-B302-BF98D6ED1B41}.Release|x86.Build.0 = Release|Win32
	EndGlobalSection
	GlobalSection(SolutionProperties) = preSolution
		HideSolutionNode = FALSE
	EndGlobalSection
	GlobalSection(ExtensibilityGlobals) = postSolution
		SolutionGuid = {871A141A-E2F0-48FE-98B9-3A165B79AC81}
	EndGlobalSection
EndGlobal
