
Microsoft Visual Studio Solution File, Format Version 12.00
# Visual Studio Version 16
VisualStudioVersion = 16.0.29728.190
MinimumVisualStudioVersion = 10.0.40219.1
Project("{8BC9CEB8-8B4A-11D0-8D11-00A0C91BC942}") = "Test", "..\Test\Test.vcxproj", "{81582F07-E000-4049-B302-BF98D6ED1B41}"
EndProject
Project("{8BC9CEB8-8B4A-11D0-8D11-00A0C91BC942}") = "Lua", "..\Vendor\lua-5.1.5\Lua.vcxproj", "{59EEC206-84E0-4842-B89E-2025FD78E589}"
EndProject
Project("{8BC9CEB8-8B4A-11D0-8D11-00A0C91BC942}") = "StreamdeckContext", "..\StreamdeckContext\StreamdeckContext.vcxproj", "{36A2B3D3-C3FA-424C-9BB6-37D19EBE5A3E}"
	ProjectSection(ProjectDependencies) = postProject
		{F60CA831-72E9-4992-BCFE-12B3387F646B} = {F60CA831-72E9-4992-BCFE-12B3387F646B}
		{2782D849-65F7-4B89-A856-964FD918269A} = {2782D849-65F7-4B89-A856-964FD918269A}
		{329F64AC-6346-46D2-A671-9B5DD626B485} = {329F64AC-6346-46D2-A671-9B5DD626B485}
	EndProjectSection
EndProject
Project("{8BC9CEB8-8B4A-11D0-8D11-00A0C91BC942}") = "Utilities", "..\Utilities\Utilities.vcxproj", "{329F64AC-6346-46D2-A671-9B5DD626B485}"
EndProject
Project("{8BC9CEB8-8B4A-11D0-8D11-00A0C91BC942}") = "SimulatorInterface", "..\SimulatorInterface\SimulatorInterface.vcxproj", "{2782D849-65F7-4B89-A856-964FD918269A}"
	ProjectSection(ProjectDependencies) = postProject
		{59EEC206-84E0-4842-B89E-2025FD78E589} = {59EEC206-84E0-4842-B89E-2025FD78E589}
		{329F64AC-6346-46D2-A671-9B5DD626B485} = {329F64AC-6346-46D2-A671-9B5DD626B485}
	EndProjectSection
EndProject
Project("{8BC9CEB8-8B4A-11D0-8D11-00A0C91BC942}") = "ElgatoSD", "..\ElgatoSD\ElgatoSD.vcxproj", "{F60CA831-72E9-4992-BCFE-12B3387F646B}"
EndProject
Project("{8BC9CEB8-8B4A-11D0-8D11-00A0C91BC942}") = "StreamdeckInterface", "..\StreamdeckInterface\StreamdeckInterface.vcxproj", "{63B5F7A0-B90D-4BBC-BBCB-C61B25054911}"
	ProjectSection(ProjectDependencies) = postProject
		{59EEC206-84E0-4842-B89E-2025FD78E589} = {59EEC206-84E0-4842-B89E-2025FD78E589}
		{F60CA831-72E9-4992-BCFE-12B3387F646B} = {F60CA831-72E9-4992-BCFE-12B3387F646B}
		{2782D849-65F7-4B89-A856-964FD918269A} = {2782D849-65F7-4B89-A856-964FD918269A}
		{329F64AC-6346-46D2-A671-9B5DD626B485} = {329F64AC-6346-46D2-A671-9B5DD626B485}
		{36A2B3D3-C3FA-424C-9BB6-37D19EBE5A3E} = {36A2B3D3-C3FA-424C-9BB6-37D19EBE5A3E}
	EndProjectSection
EndProject
Project("{8BC9CEB8-8B4A-11D0-8D11-00A0C91BC942}") = "SocketTester", "..\..\..\Tools\SocketTester\SocketTester.vcxproj", "{58185760-BDC0-434C-AB8F-F6AF34A72714}"
	ProjectSection(ProjectDependencies) = postProject
		{329F64AC-6346-46D2-A671-9B5DD626B485} = {329F64AC-6346-46D2-A671-9B5DD626B485}
	EndProjectSection
EndProject
Global
	GlobalSection(SolutionConfigurationPlatforms) = preSolution
		Debug|x64 = Debug|x64
		Debug|x86 = Debug|x86
		Release|x64 = Release|x64
		Release|x86 = Release|x86
	EndGlobalSection
	GlobalSection(ProjectConfigurationPlatforms) = postSolution
		{81582F07-E000-4049-B302-BF98D6ED1B41}.Debug|x64.ActiveCfg = Debug|x64
		{81582F07-E000-4049-B302-BF98D6ED1B41}.Debug|x64.Build.0 = Debug|x64
		{81582F07-E000-4049-B302-BF98D6ED1B41}.Debug|x86.ActiveCfg = Debug|Win32
		{81582F07-E000-4049-B302-BF98D6ED1B41}.Debug|x86.Build.0 = Debug|Win32
		{81582F07-E000-4049-B302-BF98D6ED1B41}.Release|x64.ActiveCfg = Release|x64
		{81582F07-E000-4049-B302-BF98D6ED1B41}.Release|x64.Build.0 = Release|x64
		{81582F07-E000-4049-B302-BF98D6ED1B41}.Release|x86.ActiveCfg = Release|Win32
		{81582F07-E000-4049-B302-BF98D6ED1B41}.Release|x86.Build.0 = Release|Win32
		{59EEC206-84E0-4842-B89E-2025FD78E589}.Debug|x64.ActiveCfg = Debug|x64
		{59EEC206-84E0-4842-B89E-2025FD78E589}.Debug|x64.Build.0 = Debug|x64
		{59EEC206-84E0-4842-B89E-2025FD78E589}.Debug|x86.ActiveCfg = Debug|Win32
		{59EEC206-84E0-4842-B89E-2025FD78E589}.Debug|x86.Build.0 = Debug|Win32
		{59EEC206-84E0-4842-B89E-2025FD78E589}.Release|x64.ActiveCfg = Release|x64
		{59EEC206-84E0-4842-B89E-2025FD78E589}.Release|x64.Build.0 = Release|x64
		{59EEC206-84E0-4842-B89E-2025FD78E589}.Release|x86.ActiveCfg = Release|Win32
		{59EEC206-84E0-4842-B89E-2025FD78E589}.Release|x86.Build.0 = Release|Win32
		{36A2B3D3-C3FA-424C-9BB6-37D19EBE5A3E}.Debug|x64.ActiveCfg = Debug|x64
		{36A2B3D3-C3FA-424C-9BB6-37D19EBE5A3E}.Debug|x64.Build.0 = Debug|x64
		{36A2B3D3-C3FA-424C-9BB6-37D19EBE5A3E}.Debug|x86.ActiveCfg = Debug|Win32
		{36A2B3D3-C3FA-424C-9BB6-37D19EBE5A3E}.Debug|x86.Build.0 = Debug|Win32
		{36A2B3D3-C3FA-424C-9BB6-37D19EBE5A3E}.Release|x64.ActiveCfg = Release|x64
		{36A2B3D3-C3FA-424C-9BB6-37D19EBE5A3E}.Release|x64.Build.0 = Release|x64
		{36A2B3D3-C3FA-424C-9BB6-37D19EBE5A3E}.Release|x86.ActiveCfg = Release|Win32
		{36A2B3D3-C3FA-424C-9BB6-37D19EBE5A3E}.Release|x86.Build.0 = Release|Win32
		{329F64AC-6346-46D2-A671-9B5DD626B485}.Debug|x64.ActiveCfg = Debug|x64
		{329F64AC-6346-46D2-A671-9B5DD626B485}.Debug|x64.Build.0 = Debug|x64
		{329F64AC-6346-46D2-A671-9B5DD626B485}.Debug|x86.ActiveCfg = Debug|Win32
		{329F64AC-6346-46D2-A671-9B5DD626B485}.Debug|x86.Build.0 = Debug|Win32
		{329F64AC-6346-46D2-A671-9B5DD626B485}.Release|x64.ActiveCfg = Release|x64
		{329F64AC-6346-46D2-A671-9B5DD626B485}.Release|x64.Build.0 = Release|x64
		{329F64AC-6346-46D2-A671-9B5DD626B485}.Release|x86.ActiveCfg = Release|Win32
		{329F64AC-6346-46D2-A671-9B5DD626B485}.Release|x86.Build.0 = Release|Win32
		{2782D849-65F7-4B89-A856-964FD918269A}.Debug|x64.ActiveCfg = Debug|x64
		{2782D849-65F7-4B89-A856-964FD918269A}.Debug|x64.Build.0 = Debug|x64
		{2782D849-65F7-4B89-A856-964FD918269A}.Debug|x86.ActiveCfg = Debug|Win32
		{2782D849-65F7-4B89-A856-964FD918269A}.Debug|x86.Build.0 = Debug|Win32
		{2782D849-65F7-4B89-A856-964FD918269A}.Release|x64.ActiveCfg = Release|x64
		{2782D849-65F7-4B89-A856-964FD918269A}.Release|x64.Build.0 = Release|x64
		{2782D849-65F7-4B89-A856-964FD918269A}.Release|x86.ActiveCfg = Release|Win32
		{2782D849-65F7-4B89-A856-964FD918269A}.Release|x86.Build.0 = Release|Win32
		{F60CA831-72E9-4992-BCFE-12B3387F646B}.Debug|x64.ActiveCfg = Debug|x64
		{F60CA831-72E9-4992-BCFE-12B3387F646B}.Debug|x64.Build.0 = Debug|x64
		{F60CA831-72E9-4992-BCFE-12B3387F646B}.Debug|x86.ActiveCfg = Debug|Win32
		{F60CA831-72E9-4992-BCFE-12B3387F646B}.Debug|x86.Build.0 = Debug|Win32
		{F60CA831-72E9-4992-BCFE-12B3387F646B}.Release|x64.ActiveCfg = Release|x64
		{F60CA831-72E9-4992-BCFE-12B3387F646B}.Release|x64.Build.0 = Release|x64
		{F60CA831-72E9-4992-BCFE-12B3387F646B}.Release|x86.ActiveCfg = Release|Win32
		{F60CA831-72E9-4992-BCFE-12B3387F646B}.Release|x86.Build.0 = Release|Win32
		{63B5F7A0-B90D-4BBC-BBCB-C61B25054911}.Debug|x64.ActiveCfg = Debug|x64
		{63B5F7A0-B90D-4BBC-BBCB-C61B25054911}.Debug|x64.Build.0 = Debug|x64
		{63B5F7A0-B90D-4BBC-BBCB-C61B25054911}.Debug|x86.ActiveCfg = Debug|Win32
		{63B5F7A0-B90D-4BBC-BBCB-C61B25054911}.Debug|x86.Build.0 = Debug|Win32
		{63B5F7A0-B90D-4BBC-BBCB-C61B25054911}.Release|x64.ActiveCfg = Release|x64
		{63B5F7A0-B90D-4BBC-BBCB-C61B25054911}.Release|x64.Build.0 = Release|x64
		{63B5F7A0-B90D-4BBC-BBCB-C61B25054911}.Release|x86.ActiveCfg = Release|Win32
		{63B5F7A0-B90D-4BBC-BBCB-C61B25054911}.Release|x86.Build.0 = Release|Win32
		{58185760-BDC0-434C-AB8F-F6AF34A72714}.Debug|x64.ActiveCfg = Debug|x64
		{58185760-BDC0-434C-AB8F-F6AF34A72714}.Debug|x64.Build.0 = Debug|x64
		{58185760-BDC0-434C-AB8F-F6AF34A72714}.Debug|x86.ActiveCfg = Debug|Win32
		{58185760-BDC0-434C-AB8F-F6AF34A72714}.Debug|x86.Build.0 = Debug|Win32
		{58185760-BDC0-434C-AB8F-F6AF34A72714}.Release|x64.ActiveCfg = Release|x64
		{58185760-BDC0-434C-AB8F-F6AF34A72714}.Release|x64.Build.0 = Release|x64
		{58185760-BDC0-434C-AB8F-F6AF34A72714}.Release|x86.ActiveCfg = Release|Win32
		{58185760-BDC0-434C-AB8F-F6AF34A72714}.Release|x86.Build.0 = Release|Win32
	EndGlobalSection
	GlobalSection(SolutionProperties) = preSolution
		HideSolutionNode = FALSE
	EndGlobalSection
	GlobalSection(ExtensibilityGlobals) = postSolution
		SolutionGuid = {871A141A-E2F0-48FE-98B9-3A165B79AC81}
	EndGlobalSection
EndGlobal
